{
  "name": "alphabot-hal",
  "version": "1.0.1",
  "lockfileVersion": 1,
  "requires": true,
  "dependencies": {
    "tlc1543": {
      "version": "1.0.0",
      "resolved": "https://registry.npmjs.org/tlc1543/-/tlc1543-1.0.0.tgz",
      "integrity": "sha512-yMoCeXwC+k92v2MxjPsdUxB7+v8VZbyjNhAnvBIhosUspX7TsRpGzNUQJOJSebLEY+dIk4HbH2XyEnEMTsf6KQ=="
    },
    "wiring-pi": {
      "version": "2.2.1",
      "resolved": "https://registry.npmjs.org/wiring-pi/-/wiring-pi-2.2.1.tgz",
      "integrity": "sha1-z5FzH9AQv8hZSIkGTE8Ok3To3dQ="
    }
  }
}
